
Microsoft Visual Studio Solution File, Format Version 12.00
# Visual Studio Version 17
VisualStudioVersion = 17.6.33815.320
MinimumVisualStudioVersion = 10.0.40219.1
Project("{9A19103F-16F7-4668-BE54-9A1E7A4F7556}") = "WebAppMain", "WebApplication\WebAppMain.csproj", "{89E697BF-5760-4114-874D-C738DC64DF83}"
EndProject
Global
	GlobalSection(SolutionConfigurationPlatforms) = preSolution
		Debug|Any CPU = Debug|Any CPU
		Release|Any CPU = Release|Any CPU
	EndGlobalSection
	GlobalSection(ProjectConfigurationPlatforms) = postSolution
		{89E697BF-5760-4114-874D-C738DC64DF83}.Debug|Any CPU.ActiveCfg = Debug|Any CPU
		{89E697BF-5760-4114-874D-C738DC64DF83}.Debug|Any CPU.Build.0 = Debug|Any CPU
		{89E697BF-5760-4114-874D-C738DC64DF83}.Release|Any CPU.ActiveCfg = Release|Any CPU
		{89E697BF-5760-4114-874D-C738DC64DF83}.Release|Any CPU.Build.0 = Release|Any CPU
	EndGlobalSection
	GlobalSection(SolutionProperties) = preSolution
		HideSolutionNode = FALSE
	EndGlobalSection
	GlobalSection(ExtensibilityGlobals) = postSolution
		SolutionGuid = {F12A3A0D-F04C-4826-9D18-88398F749A31}
	EndGlobalSection
EndGlobal
