
Microsoft Visual Studio Solution File, Format Version 12.00
# Visual Studio Version 17
VisualStudioVersion = 17.6.33815.320
MinimumVisualStudioVersion = 10.0.40219.1
Project("{FAE04EC0-301F-11D3-BF4B-00C04F79EFBC}") = "Projects", "Projects\Projects.csproj", "{547916F8-200B-4A12-AC93-E612F9644D98}"
EndProject
Project("{FAE04EC0-301F-11D3-BF4B-00C04F79EFBC}") = "Tests", "Tests\Tests.csproj", "{5ABA8A5A-A1BB-4B07-BEAB-9187874B397E}"
EndProject
Global
	GlobalSection(SolutionConfigurationPlatforms) = preSolution
		Debug|Any CPU = Debug|Any CPU
		Release|Any CPU = Release|Any CPU
	EndGlobalSection
	GlobalSection(ProjectConfigurationPlatforms) = postSolution
		{547916F8-200B-4A12-AC93-E612F9644D98}.Debug|Any CPU.ActiveCfg = Debug|Any CPU
		{547916F8-200B-4A12-AC93-E612F9644D98}.Debug|Any CPU.Build.0 = Debug|Any CPU
		{547916F8-200B-4A12-AC93-E612F9644D98}.Release|Any CPU.ActiveCfg = Release|Any CPU
		{547916F8-200B-4A12-AC93-E612F9644D98}.Release|Any CPU.Build.0 = Release|Any CPU
		{5ABA8A5A-A1BB-4B07-BEAB-9187874B397E}.Debug|Any CPU.ActiveCfg = Debug|Any CPU
		{5ABA8A5A-A1BB-4B07-BEAB-9187874B397E}.Debug|Any CPU.Build.0 = Debug|Any CPU
		{5ABA8A5A-A1BB-4B07-BEAB-9187874B397E}.Release|Any CPU.ActiveCfg = Release|Any CPU
		{5ABA8A5A-A1BB-4B07-BEAB-9187874B397E}.Release|Any CPU.Build.0 = Release|Any CPU
	EndGlobalSection
	GlobalSection(SolutionProperties) = preSolution
		HideSolutionNode = FALSE
	EndGlobalSection
	GlobalSection(ExtensibilityGlobals) = postSolution
		SolutionGuid = {360C1D0F-B88D-44BA-BF17-15AD37FE96EA}
	EndGlobalSection
EndGlobal
